
Microsoft Visual Studio Solution File, Format Version 12.00
# Visual Studio Version 16
VisualStudioVersion = 16.0.30204.135
MinimumVisualStudioVersion = 10.0.40219.1
Project("{FAE04EC0-301F-11D3-BF4B-00C04F79EFBC}") = "ProvaD3Exercicio01", "ProvaD3Exercicio01\ProvaD3Exercicio01.csproj", "{51EE0CCC-874D-45BB-B755-1A355B5174FC}"
EndProject
Global
	GlobalSection(SolutionConfigurationPlatforms) = preSolution
		Debug|Any CPU = Debug|Any CPU
		Release|Any CPU = Release|Any CPU
	EndGlobalSection
	GlobalSection(ProjectConfigurationPlatforms) = postSolution
		{51EE0CCC-874D-45BB-B755-1A355B5174FC}.Debug|Any CPU.ActiveCfg = Debug|Any CPU
		{51EE0CCC-874D-45BB-B755-1A355B5174FC}.Debug|Any CPU.Build.0 = Debug|Any CPU
		{51EE0CCC-874D-45BB-B755-1A355B5174FC}.Release|Any CPU.ActiveCfg = Release|Any CPU
		{51EE0CCC-874D-45BB-B755-1A355B5174FC}.Release|Any CPU.Build.0 = Release|Any CPU
	EndGlobalSection
	GlobalSection(SolutionProperties) = preSolution
		HideSolutionNode = FALSE
	EndGlobalSection
	GlobalSection(ExtensibilityGlobals) = postSolution
		SolutionGuid = {DB1C49F1-4251-419C-B3BD-AA18E87320E7}
	EndGlobalSection
EndGlobal
